
Microsoft Visual Studio Solution File, Format Version 12.00
# Visual Studio Version 17
VisualStudioVersion = 17.10.34916.146
MinimumVisualStudioVersion = 10.0.40219.1
Project("{9A19103F-16F7-4668-BE54-9A1E7A4F7556}") = "ProdutosApp.API", "ProdutosApp.API\ProdutosApp.API.csproj", "{D65AF77F-4454-4398-918E-CDB9E1A8D6AD}"
EndProject
Project("{9A19103F-16F7-4668-BE54-9A1E7A4F7556}") = "ProdutosApp.Domain", "ProdutosApp.Domain\ProdutosApp.Domain.csproj", "{0333C746-E578-47FE-9759-F5407B28CC4C}"
EndProject
Project("{9A19103F-16F7-4668-BE54-9A1E7A4F7556}") = "ProdutosApp.Infra.Data", "ProdutosApp.Infra.Data\ProdutosApp.Infra.Data.csproj", "{B9D0EB25-0EAF-4943-95FE-E8D5FDE701E2}"
EndProject
Project("{9A19103F-16F7-4668-BE54-9A1E7A4F7556}") = "ProdutosApp.Infra.Messages", "ProdutosApp.Infra.Messages\ProdutosApp.Infra.Messages.csproj", "{FC82F65A-6DA2-4209-B93A-A2DE78359F4C}"
EndProject
Global
	GlobalSection(SolutionConfigurationPlatforms) = preSolution
		Debug|Any CPU = Debug|Any CPU
		Release|Any CPU = Release|Any CPU
	EndGlobalSection
	GlobalSection(ProjectConfigurationPlatforms) = postSolution
		{D65AF77F-4454-4398-918E-CDB9E1A8D6AD}.Debug|Any CPU.ActiveCfg = Debug|Any CPU
		{D65AF77F-4454-4398-918E-CDB9E1A8D6AD}.Debug|Any CPU.Build.0 = Debug|Any CPU
		{D65AF77F-4454-4398-918E-CDB9E1A8D6AD}.Release|Any CPU.ActiveCfg = Release|Any CPU
		{D65AF77F-4454-4398-918E-CDB9E1A8D6AD}.Release|Any CPU.Build.0 = Release|Any CPU
		{0333C746-E578-47FE-9759-F5407B28CC4C}.Debug|Any CPU.ActiveCfg = Debug|Any CPU
		{0333C746-E578-47FE-9759-F5407B28CC4C}.Debug|Any CPU.Build.0 = Debug|Any CPU
		{0333C746-E578-47FE-9759-F5407B28CC4C}.Release|Any CPU.ActiveCfg = Release|Any CPU
		{0333C746-E578-47FE-9759-F5407B28CC4C}.Release|Any CPU.Build.0 = Release|Any CPU
		{B9D0EB25-0EAF-4943-95FE-E8D5FDE701E2}.Debug|Any CPU.ActiveCfg = Debug|Any CPU
		{B9D0EB25-0EAF-4943-95FE-E8D5FDE701E2}.Debug|Any CPU.Build.0 = Debug|Any CPU
		{B9D0EB25-0EAF-4943-95FE-E8D5FDE701E2}.Release|Any CPU.ActiveCfg = Release|Any CPU
		{B9D0EB25-0EAF-4943-95FE-E8D5FDE701E2}.Release|Any CPU.Build.0 = Release|Any CPU
		{FC82F65A-6DA2-4209-B93A-A2DE78359F4C}.Debug|Any CPU.ActiveCfg = Debug|Any CPU
		{FC82F65A-6DA2-4209-B93A-A2DE78359F4C}.Debug|Any CPU.Build.0 = Debug|Any CPU
		{FC82F65A-6DA2-4209-B93A-A2DE78359F4C}.Release|Any CPU.ActiveCfg = Release|Any CPU
		{FC82F65A-6DA2-4209-B93A-A2DE78359F4C}.Release|Any CPU.Build.0 = Release|Any CPU
	EndGlobalSection
	GlobalSection(SolutionProperties) = preSolution
		HideSolutionNode = FALSE
	EndGlobalSection
	GlobalSection(ExtensibilityGlobals) = postSolution
		SolutionGuid = {4110212B-3E18-4B8C-A589-C2C82710361B}
	EndGlobalSection
EndGlobal
